
Microsoft Visual Studio Solution File, Format Version 12.00
# Visual Studio 15
VisualStudioVersion = 15.0.26430.16
MinimumVisualStudioVersion = 10.0.40219.1
Project("{9A19103F-16F7-4668-BE54-9A1E7A4F7556}") = "BethanysPieShop", "BethanysPieShop\BethanysPieShop.csproj", "{58FB3C8E-5A3B-4475-8E62-A87AAB73293D}"
EndProject
Global
	GlobalSection(SolutionConfigurationPlatforms) = preSolution
		Debug|Any CPU = Debug|Any CPU
		Release|Any CPU = Release|Any CPU
		Staging|Any CPU = Staging|Any CPU
	EndGlobalSection
	GlobalSection(ProjectConfigurationPlatforms) = postSolution
		{58FB3C8E-5A3B-4475-8E62-A87AAB73293D}.Debug|Any CPU.ActiveCfg = Debug|Any CPU
		{58FB3C8E-5A3B-4475-8E62-A87AAB73293D}.Debug|Any CPU.Build.0 = Debug|Any CPU
		{58FB3C8E-5A3B-4475-8E62-A87AAB73293D}.Release|Any CPU.ActiveCfg = Release|Any CPU
		{58FB3C8E-5A3B-4475-8E62-A87AAB73293D}.Release|Any CPU.Build.0 = Release|Any CPU
		{58FB3C8E-5A3B-4475-8E62-A87AAB73293D}.Staging|Any CPU.ActiveCfg = Staging|Any CPU
		{58FB3C8E-5A3B-4475-8E62-A87AAB73293D}.Staging|Any CPU.Build.0 = Staging|Any CPU
	EndGlobalSection
	GlobalSection(SolutionProperties) = preSolution
		HideSolutionNode = FALSE
	EndGlobalSection
EndGlobal
